PODS:
  - GFPhotoBrowser (0.1.6):
    - GFPhotoBrowser/Cells (= 0.1.6)
    - GFPhotoBrowser/Controllers (= 0.1.6)
    - GFPhotoBrowser/Models (= 0.1.6)
    - Masonry
  - GFPhotoBrowser/Cells (0.1.6):
    - GFPhotoBrowser/Models
    - Masonry
  - GFPhotoBrowser/Controllers (0.1.6):
    - GFPhotoBrowser/Cells
    - Masonry
  - GFPhotoBrowser/Models (0.1.6):
    - Masonry
  - Masonry (1.0.2)

DEPENDENCIES:
  - GFPhotoBrowser (from `../`)
  - Masonry

EXTERNAL SOURCES:
  GFPhotoBrowser:
    :path: "../"

SPEC CHECKSUMS:
  GFPhotoBrowser: 7b9918f4f290c8290ae4a1e9ee23bcec90d0e4db
  Masonry: 7c429b56da9d4ee0bbb3ed77a5ea710d6a5df39e

PODFILE CHECKSUM: 7173c162e36e76f61f2053f4c4607550defc6004

COCOAPODS: 1.2.0
